
Microsoft Visual Studio Solution File, Format Version 12.00
# Visual Studio Version 16
VisualStudioVersion = 16.0.30503.244
MinimumVisualStudioVersion = 10.0.40219.1
Project("{FAE04EC0-301F-11D3-BF4B-00C04F79EFBC}") = "TgBot", "TgBot\TgBot.csproj", "{B008626B-1ADC-43B9-A57B-32588C7A872A}"
EndProject
Global
	GlobalSection(SolutionConfigurationPlatforms) = preSolution
		Debug|Any CPU = Debug|Any CPU
		Release|Any CPU = Release|Any CPU
	EndGlobalSection
	GlobalSection(ProjectConfigurationPlatforms) = postSolution
		{B008626B-1ADC-43B9-A57B-32588C7A872A}.Debug|Any CPU.ActiveCfg = Debug|Any CPU
		{B008626B-1ADC-43B9-A57B-32588C7A872A}.Debug|Any CPU.Build.0 = Debug|Any CPU
		{B008626B-1ADC-43B9-A57B-32588C7A872A}.Release|Any CPU.ActiveCfg = Release|Any CPU
		{B008626B-1ADC-43B9-A57B-32588C7A872A}.Release|Any CPU.Build.0 = Release|Any CPU
	EndGlobalSection
	GlobalSection(SolutionProperties) = preSolution
		HideSolutionNode = FALSE
	EndGlobalSection
	GlobalSection(ExtensibilityGlobals) = postSolution
		SolutionGuid = {227AE988-D583-49D2-81FE-A4CD88E767A2}
	EndGlobalSection
EndGlobal
